
Microsoft Visual Studio Solution File, Format Version 12.00
# Visual Studio Version 17
VisualStudioVersion = 17.11.35431.28
MinimumVisualStudioVersion = 10.0.40219.1
Project("{FAE04EC0-301F-11D3-BF4B-00C04F79EFBC}") = "APIs", "APIs.csproj", "{6826FC03-A836-4D54-96B3-0160FE18EF08}"
EndProject
Global
	GlobalSection(SolutionConfigurationPlatforms) = preSolution
		Debug|Any CPU = Debug|Any CPU
		Release|Any CPU = Release|Any CPU
	EndGlobalSection
	GlobalSection(ProjectConfigurationPlatforms) = postSolution
		{6826FC03-A836-4D54-96B3-0160FE18EF08}.Debug|Any CPU.ActiveCfg = Debug|Any CPU
		{6826FC03-A836-4D54-96B3-0160FE18EF08}.Debug|Any CPU.Build.0 = Debug|Any CPU
		{6826FC03-A836-4D54-96B3-0160FE18EF08}.Release|Any CPU.ActiveCfg = Release|Any CPU
		{6826FC03-A836-4D54-96B3-0160FE18EF08}.Release|Any CPU.Build.0 = Release|Any CPU
	EndGlobalSection
	GlobalSection(SolutionProperties) = preSolution
		HideSolutionNode = FALSE
	EndGlobalSection
	GlobalSection(ExtensibilityGlobals) = postSolution
		SolutionGuid = {68E67AC0-641E-482B-94AD-8E83007F78AA}
	EndGlobalSection
EndGlobal
